
Microsoft Visual Studio Solution File, Format Version 12.00
# Visual Studio Version 16
VisualStudioVersion = 16.0.29306.81
MinimumVisualStudioVersion = 10.0.40219.1
Project("{FAE04EC0-301F-11D3-BF4B-00C04F79EFBC}") = "MSMS", "MSMS.csproj", "{F771C722-218E-4386-B131-738598CF321C}"
EndProject
Global
	GlobalSection(SolutionConfigurationPlatforms) = preSolution
		Debug|Any CPU = Debug|Any CPU
		Release|Any CPU = Release|Any CPU
	EndGlobalSection
	GlobalSection(ProjectConfigurationPlatforms) = postSolution
		{F771C722-218E-4386-B131-738598CF321C}.Debug|Any CPU.ActiveCfg = Debug|Any CPU
		{F771C722-218E-4386-B131-738598CF321C}.Debug|Any CPU.Build.0 = Debug|Any CPU
		{F771C722-218E-4386-B131-738598CF321C}.Release|Any CPU.ActiveCfg = Release|Any CPU
		{F771C722-218E-4386-B131-738598CF321C}.Release|Any CPU.Build.0 = Release|Any CPU
	EndGlobalSection
	GlobalSection(SolutionProperties) = preSolution
		HideSolutionNode = FALSE
	EndGlobalSection
	GlobalSection(ExtensibilityGlobals) = postSolution
		SolutionGuid = {855EA3CE-08A2-4857-9A0F-D84C827B3F62}
	EndGlobalSection
EndGlobal
